
Microsoft Visual Studio Solution File, Format Version 12.00
# Visual Studio Version 17
VisualStudioVersion = 17.5.002.0
MinimumVisualStudioVersion = 10.0.40219.1
Project("{2150E333-8FDC-42A3-9474-1A3956D46DE8}") = "code", "code", "{7E7549D9-EE20-4430-BEA3-FF6833411662}"
EndProject
Project("{9A19103F-16F7-4668-BE54-9A1E7A4F7556}") = "api", "code\api\api.csproj", "{64396C23-8B8E-49EF-9743-5347F5C4AEDB}"
EndProject
Global
	GlobalSection(SolutionConfigurationPlatforms) = preSolution
		Debug|Any CPU = Debug|Any CPU
		Release|Any CPU = Release|Any CPU
	EndGlobalSection
	GlobalSection(ProjectConfigurationPlatforms) = postSolution
		{64396C23-8B8E-49EF-9743-5347F5C4AEDB}.Debug|Any CPU.ActiveCfg = Debug|Any CPU
		{64396C23-8B8E-49EF-9743-5347F5C4AEDB}.Debug|Any CPU.Build.0 = Debug|Any CPU
		{64396C23-8B8E-49EF-9743-5347F5C4AEDB}.Release|Any CPU.ActiveCfg = Release|Any CPU
		{64396C23-8B8E-49EF-9743-5347F5C4AEDB}.Release|Any CPU.Build.0 = Release|Any CPU
	EndGlobalSection
	GlobalSection(SolutionProperties) = preSolution
		HideSolutionNode = FALSE
	EndGlobalSection
	GlobalSection(NestedProjects) = preSolution
		{64396C23-8B8E-49EF-9743-5347F5C4AEDB} = {7E7549D9-EE20-4430-BEA3-FF6833411662}
	EndGlobalSection
	GlobalSection(ExtensibilityGlobals) = postSolution
		SolutionGuid = {D61583D9-3308-468F-B380-EFEAFB375BD9}
	EndGlobalSection
EndGlobal
